
Microsoft Visual Studio Solution File, Format Version 12.00
# Visual Studio 15
VisualStudioVersion = 15.0.28010.2046
MinimumVisualStudioVersion = 10.0.40219.1
Project("{FAE04EC0-301F-11D3-BF4B-00C04F79EFBC}") = "CustomListViewTest.Android", "CustomListViewTest\CustomListViewTest.Android\CustomListViewTest.Android.csproj", "{E46D9278-447B-4423-964B-9DDF92C0E172}"
EndProject
Project("{FAE04EC0-301F-11D3-BF4B-00C04F79EFBC}") = "CustomListViewTest.iOS", "CustomListViewTest\CustomListViewTest.iOS\CustomListViewTest.iOS.csproj", "{BF6E1495-6CEC-4F6A-82D1-20EF187A3F20}"
EndProject
Project("{FAE04EC0-301F-11D3-BF4B-00C04F79EFBC}") = "CustomListViewTest.UWP", "CustomListViewTest\CustomListViewTest.UWP\CustomListViewTest.UWP.csproj", "{44C13477-B2A3-46D2-AF41-877FDCA40038}"
EndProject
Project("{FAE04EC0-301F-11D3-BF4B-00C04F79EFBC}") = "CustomListViewTest", "CustomListViewTest\CustomListViewTest\CustomListViewTest.csproj", "{513531DD-D378-4764-AC81-4B193CB49B15}"
EndProject
Global
	GlobalSection(SolutionConfigurationPlatforms) = preSolution
		Ad-Hoc|Any CPU = Ad-Hoc|Any CPU
		Ad-Hoc|ARM = Ad-Hoc|ARM
		Ad-Hoc|iPhone = Ad-Hoc|iPhone
		Ad-Hoc|iPhoneSimulator = Ad-Hoc|iPhoneSimulator
		Ad-Hoc|x64 = Ad-Hoc|x64
		Ad-Hoc|x86 = Ad-Hoc|x86
		AppStore|Any CPU = AppStore|Any CPU
		AppStore|ARM = AppStore|ARM
		AppStore|iPhone = AppStore|iPhone
		AppStore|iPhoneSimulator = AppStore|iPhoneSimulator
		AppStore|x64 = AppStore|x64
		AppStore|x86 = AppStore|x86
		Debug|Any CPU = Debug|Any CPU
		Debug|ARM = Debug|ARM
		Debug|iPhone = Debug|iPhone
		Debug|iPhoneSimulator = Debug|iPhoneSimulator
		Debug|x64 = Debug|x64
		Debug|x86 = Debug|x86
		Release|Any CPU = Release|Any CPU
		Release|ARM = Release|ARM
		Release|iPhone = Release|iPhone
		Release|iPhoneSimulator = Release|iPhoneSimulator
		Release|x64 = Release|x64
		Release|x86 = Release|x86
	EndGlobalSection
	GlobalSection(ProjectConfigurationPlatforms) = postSolution
		{E46D9278-447B-4423-964B-9DDF92C0E172}.Ad-Hoc|Any CPU.ActiveCfg = Release|Any CPU
		{E46D9278-447B-4423-964B-9DDF92C0E172}.Ad-Hoc|Any CPU.Build.0 = Release|Any CPU
		{E46D9278-447B-4423-964B-9DDF92C0E172}.Ad-Hoc|Any CPU.Deploy.0 = Release|Any CPU
		{E46D9278-447B-4423-964B-9DDF92C0E172}.Ad-Hoc|ARM.ActiveCfg = Release|Any CPU
		{E46D9278-447B-4423-964B-9DDF92C0E172}.Ad-Hoc|ARM.Build.0 = Release|Any CPU
		{E46D9278-447B-4423-964B-9DDF92C0E172}.Ad-Hoc|ARM.Deploy.0 = Release|Any CPU
		{E46D9278-447B-4423-964B-9DDF92C0E172}.Ad-Hoc|iPhone.ActiveCfg = Release|Any CPU
		{E46D9278-447B-4423-964B-9DDF92C0E172}.Ad-Hoc|iPhone.Build.0 = Release|Any CPU
		{E46D9278-447B-4423-964B-9DDF92C0E172}.Ad-Hoc|iPhone.Deploy.0 = Release|Any CPU
		{E46D9278-447B-4423-964B-9DDF92C0E172}.Ad-Hoc|iPhoneSimulator.ActiveCfg = Release|Any CPU
		{E46D9278-447B-4423-964B-9DDF92C0E172}.Ad-Hoc|iPhoneSimulator.Build.0 = Release|Any CPU
		{E46D9278-447B-4423-964B-9DDF92C0E172}.Ad-Hoc|iPhoneSimulator.Deploy.0 = Release|Any CPU
		{E46D9278-447B-4423-964B-9DDF92C0E172}.Ad-Hoc|x64.ActiveCfg = Release|Any CPU
		{E46D9278-447B-4423-964B-9DDF92C0E172}.Ad-Hoc|x64.Build.0 = Release|Any CPU
		{E46D9278-447B-4423-964B-9DDF92C0E172}.Ad-Hoc|x64.Deploy.0 = Release|Any CPU
		{E46D9278-447B-4423-964B-9DDF92C0E172}.Ad-Hoc|x86.ActiveCfg = Release|Any CPU
		{E46D9278-447B-4423-964B-9DDF92C0E172}.Ad-Hoc|x86.Build.0 = Release|Any CPU
		{E46D9278-447B-4423-964B-9DDF92C0E172}.Ad-Hoc|x86.Deploy.0 = Release|Any CPU
		{E46D9278-447B-4423-964B-9DDF92C0E172}.AppStore|Any CPU.ActiveCfg = Release|Any CPU
		{E46D9278-447B-4423-964B-9DDF92C0E172}.AppStore|Any CPU.Build.0 = Release|Any CPU
		{E46D9278-447B-4423-964B-9DDF92C0E172}.AppStore|Any CPU.Deploy.0 = Release|Any CPU
		{E46D9278-447B-4423-964B-9DDF92C0E172}.AppStore|ARM.ActiveCfg = Release|Any CPU
		{E46D9278-447B-4423-964B-9DDF92C0E172}.AppStore|ARM.Build.0 = Release|Any CPU
		{E46D9278-447B-4423-964B-9DDF92C0E172}.AppStore|ARM.Deploy.0 = Release|Any CPU
		{E46D9278-447B-4423-964B-9DDF92C0E172}.AppStore|iPhone.ActiveCfg = Release|Any CPU
		{E46D9278-447B-4423-964B-9DDF92C0E172}.AppStore|iPhone.Build.0 = Release|Any CPU
		{E46D9278-447B-4423-964B-9DDF92C0E172}.AppStore|iPhone.Deploy.0 = Release|Any CPU
		{E46D9278-447B-4423-964B-9DDF92C0E172}.AppStore|iPhoneSimulator.ActiveCfg = Release|Any CPU
		{E46D9278-447B-4423-964B-9DDF92C0E172}.AppStore|iPhoneSimulator.Build.0 = Release|Any CPU
		{E46D9278-447B-4423-964B-9DDF92C0E172}.AppStore|iPhoneSimulator.Deploy.0 = Release|Any CPU
		{E46D9278-447B-4423-964B-9DDF92C0E172}.AppStore|x64.ActiveCfg = Release|Any CPU
		{E46D9278-447B-4423-964B-9DDF92C0E172}.AppStore|x64.Build.0 = Release|Any CPU
		{E46D9278-447B-4423-964B-9DDF92C0E172}.AppStore|x64.Deploy.0 = Release|Any CPU
		{E46D9278-447B-4423-964B-9DDF92C0E172}.AppStore|x86.ActiveCfg = Release|Any CPU
		{E46D9278-447B-4423-964B-9DDF92C0E172}.AppStore|x86.Build.0 = Release|Any CPU
		{E46D9278-447B-4423-964B-9DDF92C0E172}.AppStore|x86.Deploy.0 = Release|Any CPU
		{E46D9278-447B-4423-964B-9DDF92C0E172}.Debug|Any CPU.ActiveCfg = Debug|Any CPU
		{E46D9278-447B-4423-964B-9DDF92C0E172}.Debug|Any CPU.Build.0 = Debug|Any CPU
		{E46D9278-447B-4423-964B-9DDF92C0E172}.Debug|Any CPU.Deploy.0 = Debug|Any CPU
		{E46D9278-447B-4423-964B-9DDF92C0E172}.Debug|ARM.ActiveCfg = Debug|Any CPU
		{E46D9278-447B-4423-964B-9DDF92C0E172}.Debug|ARM.Build.0 = Debug|Any CPU
		{E46D9278-447B-4423-964B-9DDF92C0E172}.Debug|ARM.Deploy.0 = Debug|Any CPU
		{E46D9278-447B-4423-964B-9DDF92C0E172}.Debug|iPhone.ActiveCfg = Debug|Any CPU
		{E46D9278-447B-4423-964B-9DDF92C0E172}.Debug|iPhone.Build.0 = Debug|Any CPU
		{E46D9278-447B-4423-964B-9DDF92C0E172}.Debug|iPhone.Deploy.0 = Debug|Any CPU
		{E46D9278-447B-4423-964B-9DDF92C0E172}.Debug|iPhoneSimulator.ActiveCfg = Debug|Any CPU
		{E46D9278-447B-4423-964B-9DDF92C0E172}.Debug|iPhoneSimulator.Build.0 = Debug|Any CPU
		{E46D9278-447B-4423-964B-9DDF92C0E172}.Debug|iPhoneSimulator.Deploy.0 = Debug|Any CPU
		{E46D9278-447B-4423-964B-9DDF92C0E172}.Debug|x64.ActiveCfg = Debug|Any CPU
		{E46D9278-447B-4423-964B-9DDF92C0E172}.Debug|x64.Build.0 = Debug|Any CPU
		{E46D9278-447B-4423-964B-9DDF92C0E172}.Debug|x64.Deploy.0 = Debug|Any CPU
		{E46D9278-447B-4423-964B-9DDF92C0E172}.Debug|x86.ActiveCfg = Debug|Any CPU
		{E46D9278-447B-4423-964B-9DDF92C0E172}.Debug|x86.Build.0 = Debug|Any CPU
		{E46D9278-447B-4423-964B-9DDF92C0E172}.Debug|x86.Deploy.0 = Debug|Any CPU
		{E46D9278-447B-4423-964B-9DDF92C0E172}.Release|Any CPU.ActiveCfg = Release|Any CPU
		{E46D9278-447B-4423-964B-9DDF92C0E172}.Release|Any CPU.Build.0 = Release|Any CPU
		{E46D9278-447B-4423-964B-9DDF92C0E172}.Release|Any CPU.Deploy.0 = Release|Any CPU
		{E46D9278-447B-4423-964B-9DDF92C0E172}.Release|ARM.ActiveCfg = Release|Any CPU
		{E46D9278-447B-4423-964B-9DDF92C0E172}.Release|ARM.Build.0 = Release|Any CPU
		{E46D9278-447B-4423-964B-9DDF92C0E172}.Release|ARM.Deploy.0 = Release|Any CPU
		{E46D9278-447B-4423-964B-9DDF92C0E172}.Release|iPhone.ActiveCfg = Release|Any CPU
		{E46D9278-447B-4423-964B-9DDF92C0E172}.Release|iPhone.Build.0 = Release|Any CPU
		{E46D9278-447B-4423-964B-9DDF92C0E172}.Release|iPhone.Deploy.0 = Release|Any CPU
		{E46D9278-447B-4423-964B-9DDF92C0E172}.Release|iPhoneSimulator.ActiveCfg = Release|Any CPU
		{E46D9278-447B-4423-964B-9DDF92C0E172}.Release|iPhoneSimulator.Build.0 = Release|Any CPU
		{E46D9278-447B-4423-964B-9DDF92C0E172}.Release|iPhoneSimulator.Deploy.0 = Release|Any CPU
		{E46D9278-447B-4423-964B-9DDF92C0E172}.Release|x64.ActiveCfg = Release|Any CPU
		{E46D9278-447B-4423-964B-9DDF92C0E172}.Release|x64.Build.0 = Release|Any CPU
		{E46D9278-447B-4423-964B-9DDF92C0E172}.Release|x64.Deploy.0 = Release|Any CPU
		{E46D9278-447B-4423-964B-9DDF92C0E172}.Release|x86.ActiveCfg = Release|Any CPU
		{E46D9278-447B-4423-964B-9DDF92C0E172}.Release|x86.Build.0 = Release|Any CPU
		{E46D9278-447B-4423-964B-9DDF92C0E172}.Release|x86.Deploy.0 = Release|Any CPU
		{BF6E1495-6CEC-4F6A-82D1-20EF187A3F20}.Ad-Hoc|Any CPU.ActiveCfg = Ad-Hoc|iPhone
		{BF6E1495-6CEC-4F6A-82D1-20EF187A3F20}.Ad-Hoc|Any CPU.Build.0 = Ad-Hoc|iPhone
		{BF6E1495-6CEC-4F6A-82D1-20EF187A3F20}.Ad-Hoc|Any CPU.Deploy.0 = Ad-Hoc|iPhone
		{BF6E1495-6CEC-4F6A-82D1-20EF187A3F20}.Ad-Hoc|ARM.ActiveCfg = Ad-Hoc|iPhone
		{BF6E1495-6CEC-4F6A-82D1-20EF187A3F20}.Ad-Hoc|ARM.Build.0 = Ad-Hoc|iPhone
		{BF6E1495-6CEC-4F6A-82D1-20EF187A3F20}.Ad-Hoc|ARM.Deploy.0 = Ad-Hoc|iPhone
		{BF6E1495-6CEC-4F6A-82D1-20EF187A3F20}.Ad-Hoc|iPhone.ActiveCfg = Ad-Hoc|iPhone
		{BF6E1495-6CEC-4F6A-82D1-20EF187A3F20}.Ad-Hoc|iPhone.Build.0 = Ad-Hoc|iPhone
		{BF6E1495-6CEC-4F6A-82D1-20EF187A3F20}.Ad-Hoc|iPhone.Deploy.0 = Ad-Hoc|iPhone
		{BF6E1495-6CEC-4F6A-82D1-20EF187A3F20}.Ad-Hoc|iPhoneSimulator.ActiveCfg = Ad-Hoc|iPhoneSimulator
		{BF6E1495-6CEC-4F6A-82D1-20EF187A3F20}.Ad-Hoc|iPhoneSimulator.Build.0 = Ad-Hoc|iPhoneSimulator
		{BF6E1495-6CEC-4F6A-82D1-20EF187A3F20}.Ad-Hoc|iPhoneSimulator.Deploy.0 = Ad-Hoc|iPhoneSimulator
		{BF6E1495-6CEC-4F6A-82D1-20EF187A3F20}.Ad-Hoc|x64.ActiveCfg = Ad-Hoc|iPhone
		{BF6E1495-6CEC-4F6A-82D1-20EF187A3F20}.Ad-Hoc|x64.Build.0 = Ad-Hoc|iPhone
		{BF6E1495-6CEC-4F6A-82D1-20EF187A3F20}.Ad-Hoc|x64.Deploy.0 = Ad-Hoc|iPhone
		{BF6E1495-6CEC-4F6A-82D1-20EF187A3F20}.Ad-Hoc|x86.ActiveCfg = Ad-Hoc|iPhone
		{BF6E1495-6CEC-4F6A-82D1-20EF187A3F20}.Ad-Hoc|x86.Build.0 = Ad-Hoc|iPhone
		{BF6E1495-6CEC-4F6A-82D1-20EF187A3F20}.Ad-Hoc|x86.Deploy.0 = Ad-Hoc|iPhone
		{BF6E1495-6CEC-4F6A-82D1-20EF187A3F20}.AppStore|Any CPU.ActiveCfg = AppStore|iPhone
		{BF6E1495-6CEC-4F6A-82D1-20EF187A3F20}.AppStore|Any CPU.Build.0 = AppStore|iPhone
		{BF6E1495-6CEC-4F6A-82D1-20EF187A3F20}.AppStore|Any CPU.Deploy.0 = AppStore|iPhone
		{BF6E1495-6CEC-4F6A-82D1-20EF187A3F20}.AppStore|ARM.ActiveCfg = AppStore|iPhone
		{BF6E1495-6CEC-4F6A-82D1-20EF187A3F20}.AppStore|ARM.Build.0 = AppStore|iPhone
		{BF6E1495-6CEC-4F6A-82D1-20EF187A3F20}.AppStore|ARM.Deploy.0 = AppStore|iPhone
		{BF6E1495-6CEC-4F6A-82D1-20EF187A3F20}.AppStore|iPhone.ActiveCfg = AppStore|iPhone
		{BF6E1495-6CEC-4F6A-82D1-20EF187A3F20}.AppStore|iPhone.Build.0 = AppStore|iPhone
		{BF6E1495-6CEC-4F6A-82D1-20EF187A3F20}.AppStore|iPhone.Deploy.0 = AppStore|iPhone
		{BF6E1495-6CEC-4F6A-82D1-20EF187A3F20}.AppStore|iPhoneSimulator.ActiveCfg = AppStore|iPhoneSimulator
		{BF6E1495-6CEC-4F6A-82D1-20EF187A3F20}.AppStore|iPhoneSimulator.Build.0 = AppStore|iPhoneSimulator
		{BF6E1495-6CEC-4F6A-82D1-20EF187A3F20}.AppStore|iPhoneSimulator.Deploy.0 = AppStore|iPhoneSimulator
		{BF6E1495-6CEC-4F6A-82D1-20EF187A3F20}.AppStore|x64.ActiveCfg = AppStore|iPhone
		{BF6E1495-6CEC-4F6A-82D1-20EF187A3F20}.AppStore|x64.Build.0 = AppStore|iPhone
		{BF6E1495-6CEC-4F6A-82D1-20EF187A3F20}.AppStore|x64.Deploy.0 = AppStore|iPhone
		{BF6E1495-6CEC-4F6A-82D1-20EF187A3F20}.AppStore|x86.ActiveCfg = AppStore|iPhone
		{BF6E1495-6CEC-4F6A-82D1-20EF187A3F20}.AppStore|x86.Build.0 = AppStore|iPhone
		{BF6E1495-6CEC-4F6A-82D1-20EF187A3F20}.AppStore|x86.Deploy.0 = AppStore|iPhone
		{BF6E1495-6CEC-4F6A-82D1-20EF187A3F20}.Debug|Any CPU.ActiveCfg = Debug|iPhoneSimulator
		{BF6E1495-6CEC-4F6A-82D1-20EF187A3F20}.Debug|Any CPU.Build.0 = Debug|iPhoneSimulator
		{BF6E1495-6CEC-4F6A-82D1-20EF187A3F20}.Debug|Any CPU.Deploy.0 = Debug|iPhoneSimulator
		{BF6E1495-6CEC-4F6A-82D1-20EF187A3F20}.Debug|ARM.ActiveCfg = Debug|iPhone
		{BF6E1495-6CEC-4F6A-82D1-20EF187A3F20}.Debug|ARM.Build.0 = Debug|iPhone
		{BF6E1495-6CEC-4F6A-82D1-20EF187A3F20}.Debug|ARM.Deploy.0 = Debug|iPhone
		{BF6E1495-6CEC-4F6A-82D1-20EF187A3F20}.Debug|iPhone.ActiveCfg = Debug|iPhone
		{BF6E1495-6CEC-4F6A-82D1-20EF187A3F20}.Debug|iPhone.Build.0 = Debug|iPhone
		{BF6E1495-6CEC-4F6A-82D1-20EF187A3F20}.Debug|iPhone.Deploy.0 = Debug|iPhone
		{BF6E1495-6CEC-4F6A-82D1-20EF187A3F20}.Debug|iPhoneSimulator.ActiveCfg = Debug|iPhoneSimulator
		{BF6E1495-6CEC-4F6A-82D1-20EF187A3F20}.Debug|iPhoneSimulator.Build.0 = Debug|iPhoneSimulator
		{BF6E1495-6CEC-4F6A-82D1-20EF187A3F20}.Debug|iPhoneSimulator.Deploy.0 = Debug|iPhoneSimulator
		{BF6E1495-6CEC-4F6A-82D1-20EF187A3F20}.Debug|x64.ActiveCfg = Debug|iPhone
		{BF6E1495-6CEC-4F6A-82D1-20EF187A3F20}.Debug|x64.Build.0 = Debug|iPhone
		{BF6E1495-6CEC-4F6A-82D1-20EF187A3F20}.Debug|x64.Deploy.0 = Debug|iPhone
		{BF6E1495-6CEC-4F6A-82D1-20EF187A3F20}.Debug|x86.ActiveCfg = Debug|iPhone
		{BF6E1495-6CEC-4F6A-82D1-20EF187A3F20}.Debug|x86.Build.0 = Debug|iPhone
		{BF6E1495-6CEC-4F6A-82D1-20EF187A3F20}.Debug|x86.Deploy.0 = Debug|iPhone
		{BF6E1495-6CEC-4F6A-82D1-20EF187A3F20}.Release|Any CPU.ActiveCfg = Release|iPhone
		{BF6E1495-6CEC-4F6A-82D1-20EF187A3F20}.Release|Any CPU.Build.0 = Release|iPhone
		{BF6E1495-6CEC-4F6A-82D1-20EF187A3F20}.Release|Any CPU.Deploy.0 = Release|iPhone
		{BF6E1495-6CEC-4F6A-82D1-20EF187A3F20}.Release|ARM.ActiveCfg = Release|iPhone
		{BF6E1495-6CEC-4F6A-82D1-20EF187A3F20}.Release|ARM.Build.0 = Release|iPhone
		{BF6E1495-6CEC-4F6A-82D1-20EF187A3F20}.Release|ARM.Deploy.0 = Release|iPhone
		{BF6E1495-6CEC-4F6A-82D1-20EF187A3F20}.Release|iPhone.ActiveCfg = Release|iPhone
		{BF6E1495-6CEC-4F6A-82D1-20EF187A3F20}.Release|iPhone.Build.0 = Release|iPhone
		{BF6E1495-6CEC-4F6A-82D1-20EF187A3F20}.Release|iPhone.Deploy.0 = Release|iPhone
		{BF6E1495-6CEC-4F6A-82D1-20EF187A3F20}.Release|iPhoneSimulator.ActiveCfg = Release|iPhoneSimulator
		{BF6E1495-6CEC-4F6A-82D1-20EF187A3F20}.Release|iPhoneSimulator.Build.0 = Release|iPhoneSimulator
		{BF6E1495-6CEC-4F6A-82D1-20EF187A3F20}.Release|iPhoneSimulator.Deploy.0 = Release|iPhoneSimulator
		{BF6E1495-6CEC-4F6A-82D1-20EF187A3F20}.Release|x64.ActiveCfg = Release|iPhone
		{BF6E1495-6CEC-4F6A-82D1-20EF187A3F20}.Release|x64.Build.0 = Release|iPhone
		{BF6E1495-6CEC-4F6A-82D1-20EF187A3F20}.Release|x64.Deploy.0 = Release|iPhone
		{BF6E1495-6CEC-4F6A-82D1-20EF187A3F20}.Release|x86.ActiveCfg = Release|iPhone
		{BF6E1495-6CEC-4F6A-82D1-20EF187A3F20}.Release|x86.Build.0 = Release|iPhone
		{BF6E1495-6CEC-4F6A-82D1-20EF187A3F20}.Release|x86.Deploy.0 = Release|iPhone
		{44C13477-B2A3-46D2-AF41-877FDCA40038}.Ad-Hoc|Any CPU.ActiveCfg = Release|x86
		{44C13477-B2A3-46D2-AF41-877FDCA40038}.Ad-Hoc|Any CPU.Build.0 = Release|x86
		{44C13477-B2A3-46D2-AF41-877FDCA40038}.Ad-Hoc|Any CPU.Deploy.0 = Release|x86
		{44C13477-B2A3-46D2-AF41-877FDCA40038}.Ad-Hoc|ARM.ActiveCfg = Release|ARM
		{44C13477-B2A3-46D2-AF41-877FDCA40038}.Ad-Hoc|ARM.Build.0 = Release|ARM
		{44C13477-B2A3-46D2-AF41-877FDCA40038}.Ad-Hoc|ARM.Deploy.0 = Release|ARM
		{44C13477-B2A3-46D2-AF41-877FDCA40038}.Ad-Hoc|iPhone.ActiveCfg = Release|x86
		{44C13477-B2A3-46D2-AF41-877FDCA40038}.Ad-Hoc|iPhone.Build.0 = Release|x86
		{44C13477-B2A3-46D2-AF41-877FDCA40038}.Ad-Hoc|iPhone.Deploy.0 = Release|x86
		{44C13477-B2A3-46D2-AF41-877FDCA40038}.Ad-Hoc|iPhoneSimulator.ActiveCfg = Release|x86
		{44C13477-B2A3-46D2-AF41-877FDCA40038}.Ad-Hoc|iPhoneSimulator.Build.0 = Release|x86
		{44C13477-B2A3-46D2-AF41-877FDCA40038}.Ad-Hoc|iPhoneSimulator.Deploy.0 = Release|x86
		{44C13477-B2A3-46D2-AF41-877FDCA40038}.Ad-Hoc|x64.ActiveCfg = Release|x64
		{44C13477-B2A3-46D2-AF41-877FDCA40038}.Ad-Hoc|x64.Build.0 = Release|x64
		{44C13477-B2A3-46D2-AF41-877FDCA40038}.Ad-Hoc|x64.Deploy.0 = Release|x64
		{44C13477-B2A3-46D2-AF41-877FDCA40038}.Ad-Hoc|x86.ActiveCfg = Release|x86
		{44C13477-B2A3-46D2-AF41-877FDCA40038}.Ad-Hoc|x86.Build.0 = Release|x86
		{44C13477-B2A3-46D2-AF41-877FDCA40038}.Ad-Hoc|x86.Deploy.0 = Release|x86
		{44C13477-B2A3-46D2-AF41-877FDCA40038}.AppStore|Any CPU.ActiveCfg = Release|x86
		{44C13477-B2A3-46D2-AF41-877FDCA40038}.AppStore|Any CPU.Build.0 = Release|x86
		{44C13477-B2A3-46D2-AF41-877FDCA40038}.AppStore|Any CPU.Deploy.0 = Release|x86
		{44C13477-B2A3-46D2-AF41-877FDCA40038}.AppStore|ARM.ActiveCfg = Release|ARM
		{44C13477-B2A3-46D2-AF41-877FDCA40038}.AppStore|ARM.Build.0 = Release|ARM
		{44C13477-B2A3-46D2-AF41-877FDCA40038}.AppStore|ARM.Deploy.0 = Release|ARM
		{44C13477-B2A3-46D2-AF41-877FDCA40038}.AppStore|iPhone.ActiveCfg = Release|x86
		{44C13477-B2A3-46D2-AF41-877FDCA40038}.AppStore|iPhone.Build.0 = Release|x86
		{44C13477-B2A3-46D2-AF41-877FDCA40038}.AppStore|iPhone.Deploy.0 = Release|x86
		{44C13477-B2A3-46D2-AF41-877FDCA40038}.AppStore|iPhoneSimulator.ActiveCfg = Release|x86
		{44C13477-B2A3-46D2-AF41-877FDCA40038}.AppStore|iPhoneSimulator.Build.0 = Release|x86
		{44C13477-B2A3-46D2-AF41-877FDCA40038}.AppStore|iPhoneSimulator.Deploy.0 = Release|x86
		{44C13477-B2A3-46D2-AF41-877FDCA40038}.AppStore|x64.ActiveCfg = Release|x64
		{44C13477-B2A3-46D2-AF41-877FDCA40038}.AppStore|x64.Build.0 = Release|x64
		{44C13477-B2A3-46D2-AF41-877FDCA40038}.AppStore|x64.Deploy.0 = Release|x64
		{44C13477-B2A3-46D2-AF41-877FDCA40038}.AppStore|x86.ActiveCfg = Release|x86
		{44C13477-B2A3-46D2-AF41-877FDCA40038}.AppStore|x86.Build.0 = Release|x86
		{44C13477-B2A3-46D2-AF41-877FDCA40038}.AppStore|x86.Deploy.0 = Release|x86
		{44C13477-B2A3-46D2-AF41-877FDCA40038}.Debug|Any CPU.ActiveCfg = Debug|x86
		{44C13477-B2A3-46D2-AF41-877FDCA40038}.Debug|Any CPU.Build.0 = Debug|x86
		{44C13477-B2A3-46D2-AF41-877FDCA40038}.Debug|Any CPU.Deploy.0 = Debug|x86
		{44C13477-B2A3-46D2-AF41-877FDCA40038}.Debug|ARM.ActiveCfg = Debug|ARM
		{44C13477-B2A3-46D2-AF41-877FDCA40038}.Debug|ARM.Build.0 = Debug|ARM
		{44C13477-B2A3-46D2-AF41-877FDCA40038}.Debug|ARM.Deploy.0 = Debug|ARM
		{44C13477-B2A3-46D2-AF41-877FDCA40038}.Debug|iPhone.ActiveCfg = Debug|x86
		{44C13477-B2A3-46D2-AF41-877FDCA40038}.Debug|iPhone.Build.0 = Debug|x86
		{44C13477-B2A3-46D2-AF41-877FDCA40038}.Debug|iPhone.Deploy.0 = Debug|x86
		{44C13477-B2A3-46D2-AF41-877FDCA40038}.Debug|iPhoneSimulator.ActiveCfg = Debug|x86
		{44C13477-B2A3-46D2-AF41-877FDCA40038}.Debug|iPhoneSimulator.Build.0 = Debug|x86
		{44C13477-B2A3-46D2-AF41-877FDCA40038}.Debug|iPhoneSimulator.Deploy.0 = Debug|x86
		{44C13477-B2A3-46D2-AF41-877FDCA40038}.Debug|x64.ActiveCfg = Debug|x64
		{44C13477-B2A3-46D2-AF41-877FDCA40038}.Debug|x64.Build.0 = Debug|x64
		{44C13477-B2A3-46D2-AF41-877FDCA40038}.Debug|x64.Deploy.0 = Debug|x64
		{44C13477-B2A3-46D2-AF41-877FDCA40038}.Debug|x86.ActiveCfg = Debug|x86
		{44C13477-B2A3-46D2-AF41-877FDCA40038}.Debug|x86.Build.0 = Debug|x86
		{44C13477-B2A3-46D2-AF41-877FDCA40038}.Debug|x86.Deploy.0 = Debug|x86
		{44C13477-B2A3-46D2-AF41-877FDCA40038}.Release|Any CPU.ActiveCfg = Release|x86
		{44C13477-B2A3-46D2-AF41-877FDCA40038}.Release|Any CPU.Build.0 = Release|x86
		{44C13477-B2A3-46D2-AF41-877FDCA40038}.Release|Any CPU.Deploy.0 = Release|x86
		{44C13477-B2A3-46D2-AF41-877FDCA40038}.Release|ARM.ActiveCfg = Release|ARM
		{44C13477-B2A3-46D2-AF41-877FDCA40038}.Release|ARM.Build.0 = Release|ARM
		{44C13477-B2A3-46D2-AF41-877FDCA40038}.Release|ARM.Deploy.0 = Release|ARM
		{44C13477-B2A3-46D2-AF41-877FDCA40038}.Release|iPhone.ActiveCfg = Release|x86
		{44C13477-B2A3-46D2-AF41-877FDCA40038}.Release|iPhone.Build.0 = Release|x86
		{44C13477-B2A3-46D2-AF41-877FDCA40038}.Release|iPhone.Deploy.0 = Release|x86
		{44C13477-B2A3-46D2-AF41-877FDCA40038}.Release|iPhoneSimulator.ActiveCfg = Release|x86
		{44C13477-B2A3-46D2-AF41-877FDCA40038}.Release|iPhoneSimulator.Build.0 = Release|x86
		{44C13477-B2A3-46D2-AF41-877FDCA40038}.Release|iPhoneSimulator.Deploy.0 = Release|x86
		{44C13477-B2A3-46D2-AF41-877FDCA40038}.Release|x64.ActiveCfg = Release|x64
		{44C13477-B2A3-46D2-AF41-877FDCA40038}.Release|x64.Build.0 = Release|x64
		{44C13477-B2A3-46D2-AF41-877FDCA40038}.Release|x64.Deploy.0 = Release|x64
		{44C13477-B2A3-46D2-AF41-877FDCA40038}.Release|x86.ActiveCfg = Release|x86
		{44C13477-B2A3-46D2-AF41-877FDCA40038}.Release|x86.Build.0 = Release|x86
		{44C13477-B2A3-46D2-AF41-877FDCA40038}.Release|x86.Deploy.0 = Release|x86
		{513531DD-D378-4764-AC81-4B193CB49B15}.Ad-Hoc|Any CPU.ActiveCfg = Debug|Any CPU
		{513531DD-D378-4764-AC81-4B193CB49B15}.Ad-Hoc|Any CPU.Build.0 = Debug|Any CPU
		{513531DD-D378-4764-AC81-4B193CB49B15}.Ad-Hoc|Any CPU.Deploy.0 = Debug|Any CPU
		{513531DD-D378-4764-AC81-4B193CB49B15}.Ad-Hoc|ARM.ActiveCfg = Debug|Any CPU
		{513531DD-D378-4764-AC81-4B193CB49B15}.Ad-Hoc|ARM.Build.0 = Debug|Any CPU
		{513531DD-D378-4764-AC81-4B193CB49B15}.Ad-Hoc|ARM.Deploy.0 = Debug|Any CPU
		{513531DD-D378-4764-AC81-4B193CB49B15}.Ad-Hoc|iPhone.ActiveCfg = Debug|Any CPU
		{513531DD-D378-4764-AC81-4B193CB49B15}.Ad-Hoc|iPhone.Build.0 = Debug|Any CPU
		{513531DD-D378-4764-AC81-4B193CB49B15}.Ad-Hoc|iPhone.Deploy.0 = Debug|Any CPU
		{513531DD-D378-4764-AC81-4B193CB49B15}.Ad-Hoc|iPhoneSimulator.ActiveCfg = Debug|Any CPU
		{513531DD-D378-4764-AC81-4B193CB49B15}.Ad-Hoc|iPhoneSimulator.Build.0 = Debug|Any CPU
		{513531DD-D378-4764-AC81-4B193CB49B15}.Ad-Hoc|iPhoneSimulator.Deploy.0 = Debug|Any CPU
		{513531DD-D378-4764-AC81-4B193CB49B15}.Ad-Hoc|x64.ActiveCfg = Debug|Any CPU
		{513531DD-D378-4764-AC81-4B193CB49B15}.Ad-Hoc|x64.Build.0 = Debug|Any CPU
		{513531DD-D378-4764-AC81-4B193CB49B15}.Ad-Hoc|x64.Deploy.0 = Debug|Any CPU
		{513531DD-D378-4764-AC81-4B193CB49B15}.Ad-Hoc|x86.ActiveCfg = Debug|Any CPU
		{513531DD-D378-4764-AC81-4B193CB49B15}.Ad-Hoc|x86.Build.0 = Debug|Any CPU
		{513531DD-D378-4764-AC81-4B193CB49B15}.Ad-Hoc|x86.Deploy.0 = Debug|Any CPU
		{513531DD-D378-4764-AC81-4B193CB49B15}.AppStore|Any CPU.ActiveCfg = Debug|Any CPU
		{513531DD-D378-4764-AC81-4B193CB49B15}.AppStore|Any CPU.Build.0 = Debug|Any CPU
		{513531DD-D378-4764-AC81-4B193CB49B15}.AppStore|Any CPU.Deploy.0 = Debug|Any CPU
		{513531DD-D378-4764-AC81-4B193CB49B15}.AppStore|ARM.ActiveCfg = Debug|Any CPU
		{513531DD-D378-4764-AC81-4B193CB49B15}.AppStore|ARM.Build.0 = Debug|Any CPU
		{513531DD-D378-4764-AC81-4B193CB49B15}.AppStore|ARM.Deploy.0 = Debug|Any CPU
		{513531DD-D378-4764-AC81-4B193CB49B15}.AppStore|iPhone.ActiveCfg = Debug|Any CPU
		{513531DD-D378-4764-AC81-4B193CB49B15}.AppStore|iPhone.Build.0 = Debug|Any CPU
		{513531DD-D378-4764-AC81-4B193CB49B15}.AppStore|iPhone.Deploy.0 = Debug|Any CPU
		{513531DD-D378-4764-AC81-4B193CB49B15}.AppStore|iPhoneSimulator.ActiveCfg = Debug|Any CPU
		{513531DD-D378-4764-AC81-4B193CB49B15}.AppStore|iPhoneSimulator.Build.0 = Debug|Any CPU
		{513531DD-D378-4764-AC81-4B193CB49B15}.AppStore|iPhoneSimulator.Deploy.0 = Debug|Any CPU
		{513531DD-D378-4764-AC81-4B193CB49B15}.AppStore|x64.ActiveCfg = Debug|Any CPU
		{513531DD-D378-4764-AC81-4B193CB49B15}.AppStore|x64.Build.0 = Debug|Any CPU
		{513531DD-D378-4764-AC81-4B193CB49B15}.AppStore|x64.Deploy.0 = Debug|Any CPU
		{513531DD-D378-4764-AC81-4B193CB49B15}.AppStore|x86.ActiveCfg = Debug|Any CPU
		{513531DD-D378-4764-AC81-4B193CB49B15}.AppStore|x86.Build.0 = Debug|Any CPU
		{513531DD-D378-4764-AC81-4B193CB49B15}.AppStore|x86.Deploy.0 = Debug|Any CPU
		{513531DD-D378-4764-AC81-4B193CB49B15}.Debug|Any CPU.ActiveCfg = Debug|Any CPU
		{513531DD-D378-4764-AC81-4B193CB49B15}.Debug|Any CPU.Build.0 = Debug|Any CPU
		{513531DD-D378-4764-AC81-4B193CB49B15}.Debug|Any CPU.Deploy.0 = Debug|Any CPU
		{513531DD-D378-4764-AC81-4B193CB49B15}.Debug|ARM.ActiveCfg = Debug|Any CPU
		{513531DD-D378-4764-AC81-4B193CB49B15}.Debug|ARM.Build.0 = Debug|Any CPU
		{513531DD-D378-4764-AC81-4B193CB49B15}.Debug|ARM.Deploy.0 = Debug|Any CPU
		{513531DD-D378-4764-AC81-4B193CB49B15}.Debug|iPhone.ActiveCfg = Debug|Any CPU
		{513531DD-D378-4764-AC81-4B193CB49B15}.Debug|iPhone.Build.0 = Debug|Any CPU
		{513531DD-D378-4764-AC81-4B193CB49B15}.Debug|iPhone.Deploy.0 = Debug|Any CPU
		{513531DD-D378-4764-AC81-4B193CB49B15}.Debug|iPhoneSimulator.ActiveCfg = Debug|Any CPU
		{513531DD-D378-4764-AC81-4B193CB49B15}.Debug|iPhoneSimulator.Build.0 = Debug|Any CPU
		{513531DD-D378-4764-AC81-4B193CB49B15}.Debug|iPhoneSimulator.Deploy.0 = Debug|Any CPU
		{513531DD-D378-4764-AC81-4B193CB49B15}.Debug|x64.ActiveCfg = Debug|Any CPU
		{513531DD-D378-4764-AC81-4B193CB49B15}.Debug|x64.Build.0 = Debug|Any CPU
		{513531DD-D378-4764-AC81-4B193CB49B15}.Debug|x64.Deploy.0 = Debug|Any CPU
		{513531DD-D378-4764-AC81-4B193CB49B15}.Debug|x86.ActiveCfg = Debug|Any CPU
		{513531DD-D378-4764-AC81-4B193CB49B15}.Debug|x86.Build.0 = Debug|Any CPU
		{513531DD-D378-4764-AC81-4B193CB49B15}.Debug|x86.Deploy.0 = Debug|Any CPU
		{513531DD-D378-4764-AC81-4B193CB49B15}.Release|Any CPU.ActiveCfg = Release|Any CPU
		{513531DD-D378-4764-AC81-4B193CB49B15}.Release|Any CPU.Build.0 = Release|Any CPU
		{513531DD-D378-4764-AC81-4B193CB49B15}.Release|Any CPU.Deploy.0 = Release|Any CPU
		{513531DD-D378-4764-AC81-4B193CB49B15}.Release|ARM.ActiveCfg = Release|Any CPU
		{513531DD-D378-4764-AC81-4B193CB49B15}.Release|ARM.Build.0 = Release|Any CPU
		{513531DD-D378-4764-AC81-4B193CB49B15}.Release|ARM.Deploy.0 = Release|Any CPU
		{513531DD-D378-4764-AC81-4B193CB49B15}.Release|iPhone.ActiveCfg = Release|Any CPU
		{513531DD-D378-4764-AC81-4B193CB49B15}.Release|iPhone.Build.0 = Release|Any CPU
		{513531DD-D378-4764-AC81-4B193CB49B15}.Release|iPhone.Deploy.0 = Release|Any CPU
		{513531DD-D378-4764-AC81-4B193CB49B15}.Release|iPhoneSimulator.ActiveCfg = Release|Any CPU
		{513531DD-D378-4764-AC81-4B193CB49B15}.Release|iPhoneSimulator.Build.0 = Release|Any CPU
		{513531DD-D378-4764-AC81-4B193CB49B15}.Release|iPhoneSimulator.Deploy.0 = Release|Any CPU
		{513531DD-D378-4764-AC81-4B193CB49B15}.Release|x64.ActiveCfg = Release|Any CPU
		{513531DD-D378-4764-AC81-4B193CB49B15}.Release|x64.Build.0 = Release|Any CPU
		{513531DD-D378-4764-AC81-4B193CB49B15}.Release|x64.Deploy.0 = Release|Any CPU
		{513531DD-D378-4764-AC81-4B193CB49B15}.Release|x86.ActiveCfg = Release|Any CPU
		{513531DD-D378-4764-AC81-4B193CB49B15}.Release|x86.Build.0 = Release|Any CPU
		{513531DD-D378-4764-AC81-4B193CB49B15}.Release|x86.Deploy.0 = Release|Any CPU
	EndGlobalSection
	GlobalSection(SolutionProperties) = preSolution
		HideSolutionNode = FALSE
	EndGlobalSection
	GlobalSection(ExtensibilityGlobals) = postSolution
		SolutionGuid = {6EF548C8-7F2D-49E5-9EA4-E019C9A76624}
	EndGlobalSection
EndGlobal
